
Microsoft Visual Studio Solution File, Format Version 12.00
# Visual Studio Version 17
VisualStudioVersion = 17.8.34316.72
MinimumVisualStudioVersion = 10.0.40219.1
Project("{C9674DCB-5085-4A16-B785-4C70DD1589BD}") = "Integration Services Project3", "Integration Services Project3.dtproj", "{BB46C974-863D-4D99-A057-090DF0EA49FB}"
EndProject
Global
	GlobalSection(SolutionConfigurationPlatforms) = preSolution
		Development|Default = Development|Default
	EndGlobalSection
	GlobalSection(ProjectConfigurationPlatforms) = postSolution
		{BB46C974-863D-4D99-A057-090DF0EA49FB}.Development|Default.ActiveCfg = Development
		{BB46C974-863D-4D99-A057-090DF0EA49FB}.Development|Default.Build.0 = Development
	EndGlobalSection
	GlobalSection(SolutionProperties) = preSolution
		HideSolutionNode = FALSE
	EndGlobalSection
	GlobalSection(ExtensibilityGlobals) = postSolution
		SolutionGuid = {5BFA295B-8302-431B-8C7F-D2F59C84890C}
	EndGlobalSection
EndGlobal
